// !$*UTF8*$!
{
	archiveVersion = 1;
	classes = {
	};
	objectVersion = 55;
	objects = {

/* Begin PBXBuildFile section */
		0E0AA18A2721999B00225C45 /* HomePageView.swift in Sources */ = {isa = PBXBuildFile; fileRef = 0E0AA1892721999B00225C45 /* HomePageView.swift */; };
		0E234FC72722E3460058D376 /* Loading.storyboard in Resources */ = {isa = PBXBuildFile; fileRef = 0E234FC62722E3460058D376 /* Loading.storyboard */; };
		0E234FC92722F29C0058D376 /* SettingsView.swift in Sources */ = {isa = PBXBuildFile; fileRef = 0E234FC82722F29C0058D376 /* SettingsView.swift */; };
		0E234FCB27230B670058D376 /* MyTrophiesView.swift in Sources */ = {isa = PBXBuildFile; fileRef = 0E234FCA27230B670058D376 /* MyTrophiesView.swift */; };
		0EEA39D12721ADD8006D59BF /* RankingView.swift in Sources */ = {isa = PBXBuildFile; fileRef = 0EEA39D02721ADD8006D59BF /* RankingView.swift */; };
		0EEA39D32721C471006D59BF /* WarningsView.swift in Sources */ = {isa = PBXBuildFile; fileRef = 0EEA39D22721C471006D59BF /* WarningsView.swift */; };
		0EEA39D52721CCEC006D59BF /* GameRulesView.swift in Sources */ = {isa = PBXBuildFile; fileRef = 0EEA39D42721CCEC006D59BF /* GameRulesView.swift */; };
		2710BE282728241B00F53EAB /* ErrorSound.mp3 in Resources */ = {isa = PBXBuildFile; fileRef = 2710BE272728241B00F53EAB /* ErrorSound.mp3 */; };
		2710BE2A2728259D00F53EAB /* 515823-matrixxx-select-granted-0-3.mp3 in Resources */ = {isa = PBXBuildFile; fileRef = 2710BE292728259D00F53EAB /* 515823-matrixxx-select-granted-0-3.mp3 */; };
		2710BE2C27282B5800F53EAB /* CameraController.swift in Sources */ = {isa = PBXBuildFile; fileRef = 2710BE2B27282B5800F53EAB /* CameraController.swift */; };
		2710BE2E27282BBB00F53EAB /* CameraViewController.swift in Sources */ = {isa = PBXBuildFile; fileRef = 2710BE2D27282BBB00F53EAB /* CameraViewController.swift */; };
		2710BE3027282BF500F53EAB /* ActionCameraController.swift in Sources */ = {isa = PBXBuildFile; fileRef = 2710BE2F27282BF500F53EAB /* ActionCameraController.swift */; };
		2710BE3227282C9E00F53EAB /* BoundingBoxView.swift in Sources */ = {isa = PBXBuildFile; fileRef = 2710BE3127282C9E00F53EAB /* BoundingBoxView.swift */; };
		2710BE3427282CD200F53EAB /* JointSegmentView.swift in Sources */ = {isa = PBXBuildFile; fileRef = 2710BE3327282CD200F53EAB /* JointSegmentView.swift */; };
		2710BE3627282D0E00F53EAB /* AnimatedTransitioning.swift in Sources */ = {isa = PBXBuildFile; fileRef = 2710BE3527282D0E00F53EAB /* AnimatedTransitioning.swift */; };
		2710BE3827282DB400F53EAB /* VideoOutputViews.swift in Sources */ = {isa = PBXBuildFile; fileRef = 2710BE3727282DB400F53EAB /* VideoOutputViews.swift */; };
		271676DE2727290C00BF4C6D /* CreditsView.swift in Sources */ = {isa = PBXBuildFile; fileRef = 271676DD2727290C00BF4C6D /* CreditsView.swift */; };
		27302CAE2726DDA4004DA9A4 /* Audio.swift in Sources */ = {isa = PBXBuildFile; fileRef = 27302CAD2726DDA4004DA9A4 /* Audio.swift */; };
		27302CB22726E06C004DA9A4 /* ToggleSound.wav in Resources */ = {isa = PBXBuildFile; fileRef = 27302CB02726E06C004DA9A4 /* ToggleSound.wav */; };
		27302CB32726E06C004DA9A4 /* ButtonSound.aiff in Resources */ = {isa = PBXBuildFile; fileRef = 27302CB12726E06C004DA9A4 /* ButtonSound.aiff */; };
		27B6EED027246F8600CD0FCD /* GameActivityView.swift in Sources */ = {isa = PBXBuildFile; fileRef = 27B6EECF27246F8600CD0FCD /* GameActivityView.swift */; };
		27FA344127241FA0001E866C /* PlayView.swift in Sources */ = {isa = PBXBuildFile; fileRef = 27FA344027241FA0001E866C /* PlayView.swift */; };
		27FA3443272428C3001E866C /* NickNameView.swift in Sources */ = {isa = PBXBuildFile; fileRef = 27FA3442272428C3001E866C /* NickNameView.swift */; };
		88436EF82720579C003DDB78 /* WordFitApp.swift in Sources */ = {isa = PBXBuildFile; fileRef = 88436EF72720579C003DDB78 /* WordFitApp.swift */; };
		88436EFA2720579C003DDB78 /* WelcomePageView.swift in Sources */ = {isa = PBXBuildFile; fileRef = 88436EF92720579C003DDB78 /* WelcomePageView.swift */; };
		88436EFC2720579E003DDB78 /* Assets.xcassets in Resources */ = {isa = PBXBuildFile; fileRef = 88436EFB2720579E003DDB78 /* Assets.xcassets */; };
		88436EFF2720579E003DDB78 /* Preview Assets.xcassets in Resources */ = {isa = PBXBuildFile; fileRef = 88436EFE2720579E003DDB78 /* Preview Assets.xcassets */; };
		885CA29F27206AE6008037AF /* word.txt in Resources */ = {isa = PBXBuildFile; fileRef = 885CA29E27206AE6008037AF /* word.txt */; };
		888460512722C59200A00B4E /* Decoder.swift in Sources */ = {isa = PBXBuildFile; fileRef = 888460502722C59200A00B4E /* Decoder.swift */; };
		888460532722E21F00A00B4E /* word.json in Resources */ = {isa = PBXBuildFile; fileRef = 888460522722E21F00A00B4E /* word.json */; };
		888460552722F9DD00A00B4E /* Initializer.swift in Sources */ = {isa = PBXBuildFile; fileRef = 888460542722F9DD00A00B4E /* Initializer.swift */; };
		888460572723018900A00B4E /* AppPreferences.swift in Sources */ = {isa = PBXBuildFile; fileRef = 888460562723018900A00B4E /* AppPreferences.swift */; };
		8884606D27231F9A00A00B4E /* Exercise.swift in Sources */ = {isa = PBXBuildFile; fileRef = 8884606C27231F9A00A00B4E /* Exercise.swift */; };
		8884606F2723200000A00B4E /* GameSession.swift in Sources */ = {isa = PBXBuildFile; fileRef = 8884606E2723200000A00B4E /* GameSession.swift */; };
		889722DF2721977100856B41 /* Word.swift in Sources */ = {isa = PBXBuildFile; fileRef = 889722DE2721977100856B41 /* Word.swift */; };
		88A350692724065800FE1B90 /* ParthenoKit.xcframework in Frameworks */ = {isa = PBXBuildFile; fileRef = 88A350682724065800FE1B90 /* ParthenoKit.xcframework */; };
		88A3506A2724065800FE1B90 /* ParthenoKit.xcframework in Embed Frameworks */ = {isa = PBXBuildFile; fileRef = 88A350682724065800FE1B90 /* ParthenoKit.xcframework */; settings = {ATTRIBUTES = (CodeSignOnCopy, RemoveHeadersOnCopy, ); }; };
		88AD64C1272074E600AC0602 /* Images in Resources */ = {isa = PBXBuildFile; fileRef = 88AD64C0272074E600AC0602 /* Images */; };
		88AD64C327207B8200AC0602 /* User.swift in Sources */ = {isa = PBXBuildFile; fileRef = 88AD64C227207B8200AC0602 /* User.swift */; };
		88AD64C72720851600AC0602 /* Trophy.swift in Sources */ = {isa = PBXBuildFile; fileRef = 88AD64C62720851600AC0602 /* Trophy.swift */; };
		88ECB77A2721ABFB0013E35D /* WordList.swift in Sources */ = {isa = PBXBuildFile; fileRef = 88ECB7792721ABFB0013E35D /* WordList.swift */; };
/* End PBXBuildFile section */

/* Begin PBXCopyFilesBuildPhase section */
		8884605D27230D6900A00B4E /* Embed Frameworks */ = {
			isa = PBXCopyFilesBuildPhase;
			buildActionMask = 2147483647;
			dstPath = "";
			dstSubfolderSpec = 10;
			files = (
				88A3506A2724065800FE1B90 /* ParthenoKit.xcframework in Embed Frameworks */,
			);
			name = "Embed Frameworks";
			runOnlyForDeploymentPostprocessing = 0;
		};
/* End PBXCopyFilesBuildPhase section */

/* Begin PBXFileReference section */
		0E0AA1892721999B00225C45 /* HomePageView.swift */ = {isa = PBXFileReference; lastKnownFileType = sourcecode.swift; path = HomePageView.swift; sourceTree = "<group>"; };
		0E234FC62722E3460058D376 /* Loading.storyboard */ = {isa = PBXFileReference; lastKnownFileType = file.storyboard; path = Loading.storyboard; sourceTree = "<group>"; };
		0E234FC82722F29C0058D376 /* SettingsView.swift */ = {isa = PBXFileReference; lastKnownFileType = sourcecode.swift; path = SettingsView.swift; sourceTree = "<group>"; };
		0E234FCA27230B670058D376 /* MyTrophiesView.swift */ = {isa = PBXFileReference; lastKnownFileType = sourcecode.swift; path = MyTrophiesView.swift; sourceTree = "<group>"; };
		0EEA39D02721ADD8006D59BF /* RankingView.swift */ = {isa = PBXFileReference; lastKnownFileType = sourcecode.swift; path = RankingView.swift; sourceTree = "<group>"; };
		0EEA39D22721C471006D59BF /* WarningsView.swift */ = {isa = PBXFileReference; lastKnownFileType = sourcecode.swift; path = WarningsView.swift; sourceTree = "<group>"; };
		0EEA39D42721CCEC006D59BF /* GameRulesView.swift */ = {isa = PBXFileReference; lastKnownFileType = sourcecode.swift; path = GameRulesView.swift; sourceTree = "<group>"; };
		2710BE272728241B00F53EAB /* ErrorSound.mp3 */ = {isa = PBXFileReference; lastKnownFileType = audio.mp3; path = ErrorSound.mp3; sourceTree = "<group>"; };
		2710BE292728259D00F53EAB /* 515823-matrixxx-select-granted-0-3.mp3 */ = {isa = PBXFileReference; lastKnownFileType = audio.mp3; path = "515823-matrixxx-select-granted-0-3.mp3"; sourceTree = "<group>"; };
		2710BE2B27282B5800F53EAB /* CameraController.swift */ = {isa = PBXFileReference; lastKnownFileType = sourcecode.swift; path = CameraController.swift; sourceTree = "<group>"; };
		2710BE2D27282BBB00F53EAB /* CameraViewController.swift */ = {isa = PBXFileReference; lastKnownFileType = sourcecode.swift; path = CameraViewController.swift; sourceTree = "<group>"; };
		2710BE2F27282BF500F53EAB /* ActionCameraController.swift */ = {isa = PBXFileReference; lastKnownFileType = sourcecode.swift; path = ActionCameraController.swift; sourceTree = "<group>"; };
		2710BE3127282C9E00F53EAB /* BoundingBoxView.swift */ = {isa = PBXFileReference; lastKnownFileType = sourcecode.swift; path = BoundingBoxView.swift; sourceTree = "<group>"; };
		2710BE3327282CD200F53EAB /* JointSegmentView.swift */ = {isa = PBXFileReference; lastKnownFileType = sourcecode.swift; path = JointSegmentView.swift; sourceTree = "<group>"; };
		2710BE3527282D0E00F53EAB /* AnimatedTransitioning.swift */ = {isa = PBXFileReference; lastKnownFileType = sourcecode.swift; path = AnimatedTransitioning.swift; sourceTree = "<group>"; };
		2710BE3727282DB400F53EAB /* VideoOutputViews.swift */ = {isa = PBXFileReference; lastKnownFileType = sourcecode.swift; path = VideoOutputViews.swift; sourceTree = "<group>"; };
		271676DD2727290C00BF4C6D /* CreditsView.swift */ = {isa = PBXFileReference; lastKnownFileType = sourcecode.swift; path = CreditsView.swift; sourceTree = "<group>"; };
		27302CAD2726DDA4004DA9A4 /* Audio.swift */ = {isa = PBXFileReference; lastKnownFileType = sourcecode.swift; path = Audio.swift; sourceTree = "<group>"; };
		27302CB02726E06C004DA9A4 /* ToggleSound.wav */ = {isa = PBXFileReference; lastKnownFileType = audio.wav; path = ToggleSound.wav; sourceTree = "<group>"; };
		27302CB12726E06C004DA9A4 /* ButtonSound.aiff */ = {isa = PBXFileReference; lastKnownFileType = audio.aiff; path = ButtonSound.aiff; sourceTree = "<group>"; };
		27B6EECF27246F8600CD0FCD /* GameActivityView.swift */ = {isa = PBXFileReference; lastKnownFileType = sourcecode.swift; path = GameActivityView.swift; sourceTree = "<group>"; };
		27FA344027241FA0001E866C /* PlayView.swift */ = {isa = PBXFileReference; lastKnownFileType = sourcecode.swift; path = PlayView.swift; sourceTree = "<group>"; };
		27FA3442272428C3001E866C /* NickNameView.swift */ = {isa = PBXFileReference; lastKnownFileType = sourcecode.swift; path = NickNameView.swift; sourceTree = "<group>"; };
		88436EF42720579C003DDB78 /* WordFitApp.app */ = {isa = PBXFileReference; explicitFileType = wrapper.application; includeInIndex = 0; path = WordFitApp.app; sourceTree = BUILT_PRODUCTS_DIR; };
		88436EF72720579C003DDB78 /* WordFitApp.swift */ = {isa = PBXFileReference; lastKnownFileType = sourcecode.swift; path = WordFitApp.swift; sourceTree = "<group>"; };
		88436EF92720579C003DDB78 /* WelcomePageView.swift */ = {isa = PBXFileReference; lastKnownFileType = sourcecode.swift; path = WelcomePageView.swift; sourceTree = "<group>"; };
		88436EFB2720579E003DDB78 /* Assets.xcassets */ = {isa = PBXFileReference; lastKnownFileType = folder.assetcatalog; path = Assets.xcassets; sourceTree = "<group>"; };
		88436EFE2720579E003DDB78 /* Preview Assets.xcassets */ = {isa = PBXFileReference; lastKnownFileType = folder.assetcatalog; path = "Preview Assets.xcassets"; sourceTree = "<group>"; };
		885CA29E27206AE6008037AF /* word.txt */ = {isa = PBXFileReference; lastKnownFileType = text; path = word.txt; sourceTree = "<group>"; };
		888460502722C59200A00B4E /* Decoder.swift */ = {isa = PBXFileReference; lastKnownFileType = sourcecode.swift; path = Decoder.swift; sourceTree = "<group>"; };
		888460522722E21F00A00B4E /* word.json */ = {isa = PBXFileReference; lastKnownFileType = text.json; path = word.json; sourceTree = "<group>"; };
		888460542722F9DD00A00B4E /* Initializer.swift */ = {isa = PBXFileReference; lastKnownFileType = sourcecode.swift; path = Initializer.swift; sourceTree = "<group>"; };
		888460562723018900A00B4E /* AppPreferences.swift */ = {isa = PBXFileReference; lastKnownFileType = sourcecode.swift; path = AppPreferences.swift; sourceTree = "<group>"; };
		8884606C27231F9A00A00B4E /* Exercise.swift */ = {isa = PBXFileReference; lastKnownFileType = sourcecode.swift; path = Exercise.swift; sourceTree = "<group>"; };
		8884606E2723200000A00B4E /* GameSession.swift */ = {isa = PBXFileReference; lastKnownFileType = sourcecode.swift; path = GameSession.swift; sourceTree = "<group>"; };
		889722DE2721977100856B41 /* Word.swift */ = {isa = PBXFileReference; lastKnownFileType = sourcecode.swift; path = Word.swift; sourceTree = "<group>"; };
		88A350682724065800FE1B90 /* ParthenoKit.xcframework */ = {isa = PBXFileReference; lastKnownFileType = wrapper.xcframework; path = ParthenoKit.xcframework; sourceTree = "<group>"; };
		88AD64C0272074E600AC0602 /* Images */ = {isa = PBXFileReference; lastKnownFileType = folder; path = Images; sourceTree = "<group>"; };
		88AD64C227207B8200AC0602 /* User.swift */ = {isa = PBXFileReference; lastKnownFileType = sourcecode.swift; path = User.swift; sourceTree = "<group>"; };
		88AD64C62720851600AC0602 /* Trophy.swift */ = {isa = PBXFileReference; lastKnownFileType = sourcecode.swift; path = Trophy.swift; sourceTree = "<group>"; };
		88ECB7792721ABFB0013E35D /* WordList.swift */ = {isa = PBXFileReference; lastKnownFileType = sourcecode.swift; path = WordList.swift; sourceTree = "<group>"; };
/* End PBXFileReference section */

/* Begin PBXFrameworksBuildPhase section */
		88436EF12720579C003DDB78 /* Frameworks */ = {
			isa = PBXFrameworksBuildPhase;
			buildActionMask = 2147483647;
			files = (
				88A350692724065800FE1B90 /* ParthenoKit.xcframework in Frameworks */,
			);
			runOnlyForDeploymentPostprocessing = 0;
		};
/* End PBXFrameworksBuildPhase section */

/* Begin PBXGroup section */
		27302CAF2726E049004DA9A4 /* Audio Folder */ = {
			isa = PBXGroup;
			children = (
				2710BE292728259D00F53EAB /* 515823-matrixxx-select-granted-0-3.mp3 */,
				2710BE272728241B00F53EAB /* ErrorSound.mp3 */,
				27302CB02726E06C004DA9A4 /* ToggleSound.wav */,
				27302CB12726E06C004DA9A4 /* ButtonSound.aiff */,
			);
			path = "Audio Folder";
			sourceTree = "<group>";
		};
		88436EEB2720579C003DDB78 = {
			isa = PBXGroup;
			children = (
				88436EF62720579C003DDB78 /* WordFit */,
				88436EF52720579C003DDB78 /* Products */,
				8884606427230E5700A00B4E /* Frameworks */,
			);
			sourceTree = "<group>";
		};
		88436EF52720579C003DDB78 /* Products */ = {
			isa = PBXGroup;
			children = (
				88436EF42720579C003DDB78 /* WordFitApp.app */,
			);
			name = Products;
			sourceTree = "<group>";
		};
		88436EF62720579C003DDB78 /* WordFit */ = {
			isa = PBXGroup;
			children = (
				888460562723018900A00B4E /* AppPreferences.swift */,
				8884606C27231F9A00A00B4E /* Exercise.swift */,
				27302CAF2726E049004DA9A4 /* Audio Folder */,
				8884606E2723200000A00B4E /* GameSession.swift */,
				888460542722F9DD00A00B4E /* Initializer.swift */,
				888460522722E21F00A00B4E /* word.json */,
				888460502722C59200A00B4E /* Decoder.swift */,
				88ECB7792721ABFB0013E35D /* WordList.swift */,
				889722DE2721977100856B41 /* Word.swift */,
				88AD64C62720851600AC0602 /* Trophy.swift */,
				0EEA39D42721CCEC006D59BF /* GameRulesView.swift */,
				88436EF72720579C003DDB78 /* WordFitApp.swift */,
				0EEA39D02721ADD8006D59BF /* RankingView.swift */,
				0EEA39D22721C471006D59BF /* WarningsView.swift */,
				88436EF92720579C003DDB78 /* WelcomePageView.swift */,
				0E234FC62722E3460058D376 /* Loading.storyboard */,
				0E0AA1892721999B00225C45 /* HomePageView.swift */,
				27302CAD2726DDA4004DA9A4 /* Audio.swift */,
				27B6EECF27246F8600CD0FCD /* GameActivityView.swift */,
				2710BE2B27282B5800F53EAB /* CameraController.swift */,
				27FA344027241FA0001E866C /* PlayView.swift */,
				2710BE2D27282BBB00F53EAB /* CameraViewController.swift */,
				2710BE2F27282BF500F53EAB /* ActionCameraController.swift */,
				2710BE3727282DB400F53EAB /* VideoOutputViews.swift */,
				2710BE3127282C9E00F53EAB /* BoundingBoxView.swift */,
				2710BE3527282D0E00F53EAB /* AnimatedTransitioning.swift */,
				2710BE3327282CD200F53EAB /* JointSegmentView.swift */,
				27FA3442272428C3001E866C /* NickNameView.swift */,
				0E234FCA27230B670058D376 /* MyTrophiesView.swift */,
				0E234FC82722F29C0058D376 /* SettingsView.swift */,
				271676DD2727290C00BF4C6D /* CreditsView.swift */,
				88AD64C227207B8200AC0602 /* User.swift */,
				88436EFB2720579E003DDB78 /* Assets.xcassets */,
				88436EFD2720579E003DDB78 /* Preview Content */,
				885CA29E27206AE6008037AF /* word.txt */,
				88AD64C0272074E600AC0602 /* Images */,
			);
			path = WordFit;
			sourceTree = "<group>";
		};
		88436EFD2720579E003DDB78 /* Preview Content */ = {
			isa = PBXGroup;
			children = (
				88436EFE2720579E003DDB78 /* Preview Assets.xcassets */,
			);
			path = "Preview Content";
			sourceTree = "<group>";
		};
		8884606427230E5700A00B4E /* Frameworks */ = {
			isa = PBXGroup;
			children = (
				88A350682724065800FE1B90 /* ParthenoKit.xcframework */,
			);
			name = Frameworks;
			sourceTree = "<group>";
		};
/* End PBXGroup section */

/* Begin PBXNativeTarget section */
		88436EF32720579C003DDB78 /* WordFit */ = {
			isa = PBXNativeTarget;
			buildConfigurationList = 88436F022720579E003DDB78 /* Build configuration list for PBXNativeTarget "WordFit" */;
			buildPhases = (
				88436EF02720579C003DDB78 /* Sources */,
				88436EF12720579C003DDB78 /* Frameworks */,
				88436EF22720579C003DDB78 /* Resources */,
				8884605D27230D6900A00B4E /* Embed Frameworks */,
			);
			buildRules = (
			);
			dependencies = (
			);
			name = WordFit;
			productName = WordFit;
			productReference = 88436EF42720579C003DDB78 /* WordFitApp.app */;
			productType = "com.apple.product-type.application";
		};
/* End PBXNativeTarget section */

/* Begin PBXProject section */
		88436EEC2720579C003DDB78 /* Project object */ = {
			isa = PBXProject;
			attributes = {
				BuildIndependentTargetsInParallel = 1;
				LastSwiftUpdateCheck = 1300;
				LastUpgradeCheck = 1300;
				TargetAttributes = {
					88436EF32720579C003DDB78 = {
						CreatedOnToolsVersion = 13.0;
					};
				};
			};
			buildConfigurationList = 88436EEF2720579C003DDB78 /* Build configuration list for PBXProject "WordFit" */;
			compatibilityVersion = "Xcode 13.0";
			developmentRegion = en;
			hasScannedForEncodings = 0;
			knownRegions = (
				en,
				Base,
			);
			mainGroup = 88436EEB2720579C003DDB78;
			productRefGroup = 88436EF52720579C003DDB78 /* Products */;
			projectDirPath = "";
			projectRoot = "";
			targets = (
				88436EF32720579C003DDB78 /* WordFit */,
			);
		};
/* End PBXProject section */

/* Begin PBXResourcesBuildPhase section */
		88436EF22720579C003DDB78 /* Resources */ = {
			isa = PBXResourcesBuildPhase;
			buildActionMask = 2147483647;
			files = (
				88AD64C1272074E600AC0602 /* Images in Resources */,
				88436EFF2720579E003DDB78 /* Preview Assets.xcassets in Resources */,
				885CA29F27206AE6008037AF /* word.txt in Resources */,
				0E234FC72722E3460058D376 /* Loading.storyboard in Resources */,
				27302CB32726E06C004DA9A4 /* ButtonSound.aiff in Resources */,
				88436EFC2720579E003DDB78 /* Assets.xcassets in Resources */,
				2710BE2A2728259D00F53EAB /* 515823-matrixxx-select-granted-0-3.mp3 in Resources */,
				2710BE282728241B00F53EAB /* ErrorSound.mp3 in Resources */,
				888460532722E21F00A00B4E /* word.json in Resources */,
				27302CB22726E06C004DA9A4 /* ToggleSound.wav in Resources */,
			);
			runOnlyForDeploymentPostprocessing = 0;
		};
/* End PBXResourcesBuildPhase section */

/* Begin PBXSourcesBuildPhase section */
		88436EF02720579C003DDB78 /* Sources */ = {
			isa = PBXSourcesBuildPhase;
			buildActionMask = 2147483647;
			files = (
				2710BE3027282BF500F53EAB /* ActionCameraController.swift in Sources */,
				0EEA39D52721CCEC006D59BF /* GameRulesView.swift in Sources */,
				2710BE3227282C9E00F53EAB /* BoundingBoxView.swift in Sources */,
				2710BE2C27282B5800F53EAB /* CameraController.swift in Sources */,
				271676DE2727290C00BF4C6D /* CreditsView.swift in Sources */,
				8884606D27231F9A00A00B4E /* Exercise.swift in Sources */,
				2710BE3627282D0E00F53EAB /* AnimatedTransitioning.swift in Sources */,
				889722DF2721977100856B41 /* Word.swift in Sources */,
				2710BE2E27282BBB00F53EAB /* CameraViewController.swift in Sources */,
				27B6EED027246F8600CD0FCD /* GameActivityView.swift in Sources */,
				88ECB77A2721ABFB0013E35D /* WordList.swift in Sources */,
				0EEA39D12721ADD8006D59BF /* RankingView.swift in Sources */,
				27302CAE2726DDA4004DA9A4 /* Audio.swift in Sources */,
				88436EFA2720579C003DDB78 /* WelcomePageView.swift in Sources */,
				27FA344127241FA0001E866C /* PlayView.swift in Sources */,
				0EEA39D32721C471006D59BF /* WarningsView.swift in Sources */,
				888460572723018900A00B4E /* AppPreferences.swift in Sources */,
				88AD64C72720851600AC0602 /* Trophy.swift in Sources */,
				8884606F2723200000A00B4E /* GameSession.swift in Sources */,
				888460512722C59200A00B4E /* Decoder.swift in Sources */,
				2710BE3827282DB400F53EAB /* VideoOutputViews.swift in Sources */,
				888460552722F9DD00A00B4E /* Initializer.swift in Sources */,
				88436EF82720579C003DDB78 /* WordFitApp.swift in Sources */,
				0E234FCB27230B670058D376 /* MyTrophiesView.swift in Sources */,
				2710BE3427282CD200F53EAB /* JointSegmentView.swift in Sources */,
				0E234FC92722F29C0058D376 /* SettingsView.swift in Sources */,
				88AD64C327207B8200AC0602 /* User.swift in Sources */,
				27FA3443272428C3001E866C /* NickNameView.swift in Sources */,
				0E0AA18A2721999B00225C45 /* HomePageView.swift in Sources */,
			);
			runOnlyForDeploymentPostprocessing = 0;
		};
/* End PBXSourcesBuildPhase section */

/* Begin XCBuildConfiguration section */
		88436F002720579E003DDB78 /* Debug */ = {
			isa = XCBuildConfiguration;
			buildSettings = {
				ALWAYS_SEARCH_USER_PATHS = NO;
				CLANG_ANALYZER_NONNULL = YES;
				CLANG_ANALYZER_NUMBER_OBJECT_CONVERSION = YES_AGGRESSIVE;
				CLANG_CXX_LANGUAGE_STANDARD = "gnu++17";
				CLANG_CXX_LIBRARY = "libc++";
				CLANG_ENABLE_MODULES = YES;
				CLANG_ENABLE_OBJC_ARC = YES;
				CLANG_ENABLE_OBJC_WEAK = YES;
				CLANG_WARN_BLOCK_CAPTURE_AUTORELEASING = YES;
				CLANG_WARN_BOOL_CONVERSION = YES;
				CLANG_WARN_COMMA = YES;
				CLANG_WARN_CONSTANT_CONVERSION = YES;
				CLANG_WARN_DEPRECATED_OBJC_IMPLEMENTATIONS = YES;
				CLANG_WARN_DIRECT_OBJC_ISA_USAGE = YES_ERROR;
				CLANG_WARN_DOCUMENTATION_COMMENTS = YES;
				CLANG_WARN_EMPTY_BODY = YES;
				CLANG_WARN_ENUM_CONVERSION = YES;
				CLANG_WARN_INFINITE_RECURSION = YES;
				CLANG_WARN_INT_CONVERSION = YES;
				CLANG_WARN_NON_LITERAL_NULL_CONVERSION = YES;
				CLANG_WARN_OBJC_IMPLICIT_RETAIN_SELF = YES;
				CLANG_WARN_OBJC_LITERAL_CONVERSION = YES;
				CLANG_WARN_OBJC_ROOT_CLASS = YES_ERROR;
				CLANG_WARN_QUOTED_INCLUDE_IN_FRAMEWORK_HEADER = YES;
				CLANG_WARN_RANGE_LOOP_ANALYSIS = YES;
				CLANG_WARN_STRICT_PROTOTYPES = YES;
				CLANG_WARN_SUSPICIOUS_MOVE = YES;
				CLANG_WARN_UNGUARDED_AVAILABILITY = YES_AGGRESSIVE;
				CLANG_WARN_UNREACHABLE_CODE = YES;
				CLANG_WARN__DUPLICATE_METHOD_MATCH = YES;
				COPY_PHASE_STRIP = NO;
				DEBUG_INFORMATION_FORMAT = dwarf;
				ENABLE_STRICT_OBJC_MSGSEND = YES;
				ENABLE_TESTABILITY = YES;
				GCC_C_LANGUAGE_STANDARD = gnu11;
				GCC_DYNAMIC_NO_PIC = NO;
				GCC_NO_COMMON_BLOCKS = YES;
				GCC_OPTIMIZATION_LEVEL = 0;
				GCC_PREPROCESSOR_DEFINITIONS = (
					"DEBUG=1",
					"$(inherited)",
				);
				GCC_WARN_64_TO_32_BIT_CONVERSION = YES;
				GCC_WARN_ABOUT_RETURN_TYPE = YES_ERROR;
				GCC_WARN_UNDECLARED_SELECTOR = YES;
				GCC_WARN_UNINITIALIZED_AUTOS = YES_AGGRESSIVE;
				GCC_WARN_UNUSED_FUNCTION = YES;
				GCC_WARN_UNUSED_VARIABLE = YES;
				IPHONEOS_DEPLOYMENT_TARGET = 15.0;
				MTL_ENABLE_DEBUG_INFO = INCLUDE_SOURCE;
				MTL_FAST_MATH = YES;
				ONLY_ACTIVE_ARCH = YES;
				SDKROOT = iphoneos;
				SWIFT_ACTIVE_COMPILATION_CONDITIONS = DEBUG;
				SWIFT_OPTIMIZATION_LEVEL = "-Onone";
			};
			name = Debug;
		};
		88436F012720579E003DDB78 /* Release */ = {
			isa = XCBuildConfiguration;
			buildSettings = {
				ALWAYS_SEARCH_USER_PATHS = NO;
				CLANG_ANALYZER_NONNULL = YES;
				CLANG_ANALYZER_NUMBER_OBJECT_CONVERSION = YES_AGGRESSIVE;
				CLANG_CXX_LANGUAGE_STANDARD = "gnu++17";
				CLANG_CXX_LIBRARY = "libc++";
				CLANG_ENABLE_MODULES = YES;
				CLANG_ENABLE_OBJC_ARC = YES;
				CLANG_ENABLE_OBJC_WEAK = YES;
				CLANG_WARN_BLOCK_CAPTURE_AUTORELEASING = YES;
				CLANG_WARN_BOOL_CONVERSION = YES;
				CLANG_WARN_COMMA = YES;
				CLANG_WARN_CONSTANT_CONVERSION = YES;
				CLANG_WARN_DEPRECATED_OBJC_IMPLEMENTATIONS = YES;
				CLANG_WARN_DIRECT_OBJC_ISA_USAGE = YES_ERROR;
				CLANG_WARN_DOCUMENTATION_COMMENTS = YES;
				CLANG_WARN_EMPTY_BODY = YES;
				CLANG_WARN_ENUM_CONVERSION = YES;
				CLANG_WARN_INFINITE_RECURSION = YES;
				CLANG_WARN_INT_CONVERSION = YES;
				CLANG_WARN_NON_LITERAL_NULL_CONVERSION = YES;
				CLANG_WARN_OBJC_IMPLICIT_RETAIN_SELF = YES;
				CLANG_WARN_OBJC_LITERAL_CONVERSION = YES;
				CLANG_WARN_OBJC_ROOT_CLASS = YES_ERROR;
				CLANG_WARN_QUOTED_INCLUDE_IN_FRAMEWORK_HEADER = YES;
				CLANG_WARN_RANGE_LOOP_ANALYSIS = YES;
				CLANG_WARN_STRICT_PROTOTYPES = YES;
				CLANG_WARN_SUSPICIOUS_MOVE = YES;
				CLANG_WARN_UNGUARDED_AVAILABILITY = YES_AGGRESSIVE;
				CLANG_WARN_UNREACHABLE_CODE = YES;
				CLANG_WARN__DUPLICATE_METHOD_MATCH = YES;
				COPY_PHASE_STRIP = NO;
				DEBUG_INFORMATION_FORMAT = "dwarf-with-dsym";
				ENABLE_NS_ASSERTIONS = NO;
				ENABLE_STRICT_OBJC_MSGSEND = YES;
				GCC_C_LANGUAGE_STANDARD = gnu11;
				GCC_NO_COMMON_BLOCKS = YES;
				GCC_WARN_64_TO_32_BIT_CONVERSION = YES;
				GCC_WARN_ABOUT_RETURN_TYPE = YES_ERROR;
				GCC_WARN_UNDECLARED_SELECTOR = YES;
				GCC_WARN_UNINITIALIZED_AUTOS = YES_AGGRESSIVE;
				GCC_WARN_UNUSED_FUNCTION = YES;
				GCC_WARN_UNUSED_VARIABLE = YES;
				IPHONEOS_DEPLOYMENT_TARGET = 15.0;
				MTL_ENABLE_DEBUG_INFO = NO;
				MTL_FAST_MATH = YES;
				SDKROOT = iphoneos;
				SWIFT_COMPILATION_MODE = wholemodule;
				SWIFT_OPTIMIZATION_LEVEL = "-O";
				VALIDATE_PRODUCT = YES;
			};
			name = Release;
		};
		88436F032720579E003DDB78 /* Debug */ = {
			isa = XCBuildConfiguration;
			buildSettings = {
				ASSETCATALOG_COMPILER_APPICON_NAME = AppIcon;
				ASSETCATALOG_COMPILER_GLOBAL_ACCENT_COLOR_NAME = AccentColor;
				CODE_SIGN_STYLE = Automatic;
				CURRENT_PROJECT_VERSION = 1;
				DEVELOPMENT_ASSET_PATHS = "\"WordFit/Preview Content\"";
				ENABLE_PREVIEWS = YES;
				GENERATE_INFOPLIST_FILE = YES;
				INFOPLIST_KEY_UIApplicationSceneManifest_Generation = YES;
				INFOPLIST_KEY_UIApplicationSupportsIndirectInputEvents = YES;
				INFOPLIST_KEY_UILaunchScreen_Generation = YES;
				INFOPLIST_KEY_UILaunchStoryboardName = Loading;
				INFOPLIST_KEY_UISupportedInterfaceOrientations_iPad = "UIInterfaceOrientationPortrait UIInterfaceOrientationPortraitUpsideDown UIInterfaceOrientationLandscapeLeft UIInterfaceOrientationLandscapeRight";
				INFOPLIST_KEY_UISupportedInterfaceOrientations_iPhone = "UIInterfaceOrientationPortrait UIInterfaceOrientationLandscapeLeft UIInterfaceOrientationLandscapeRight";
				IPHONEOS_DEPLOYMENT_TARGET = 14.0;
				LD_RUNPATH_SEARCH_PATHS = (
					"$(inherited)",
					"@executable_path/Frameworks",
				);
				MARKETING_VERSION = 1.0;
				PRODUCT_BUNDLE_IDENTIFIER = iOS.Foundation.Parthenope.WordFit;
				PRODUCT_NAME = WordFitApp;
				SWIFT_EMIT_LOC_STRINGS = YES;
				SWIFT_VERSION = 5.0;
				TARGETED_DEVICE_FAMILY = "1,2";
			};
			name = Debug;
		};
		88436F042720579E003DDB78 /* Release */ = {
			isa = XCBuildConfiguration;
			buildSettings = {
				ASSETCATALOG_COMPILER_APPICON_NAME = AppIcon;
				ASSETCATALOG_COMPILER_GLOBAL_ACCENT_COLOR_NAME = AccentColor;
				CODE_SIGN_STYLE = Automatic;
				CURRENT_PROJECT_VERSION = 1;
				DEVELOPMENT_ASSET_PATHS = "\"WordFit/Preview Content\"";
				ENABLE_PREVIEWS = YES;
				GENERATE_INFOPLIST_FILE = YES;
				INFOPLIST_KEY_UIApplicationSceneManifest_Generation = YES;
				INFOPLIST_KEY_UIApplicationSupportsIndirectInputEvents = YES;
				INFOPLIST_KEY_UILaunchScreen_Generation = YES;
				INFOPLIST_KEY_UILaunchStoryboardName = Loading;
				INFOPLIST_KEY_UISupportedInterfaceOrientations_iPad = "UIInterfaceOrientationPortrait UIInterfaceOrientationPortraitUpsideDown UIInterfaceOrientationLandscapeLeft UIInterfaceOrientationLandscapeRight";
				INFOPLIST_KEY_UISupportedInterfaceOrientations_iPhone = "UIInterfaceOrientationPortrait UIInterfaceOrientationLandscapeLeft UIInterfaceOrientationLandscapeRight";
				IPHONEOS_DEPLOYMENT_TARGET = 14.0;
				LD_RUNPATH_SEARCH_PATHS = (
					"$(inherited)",
					"@executable_path/Frameworks",
				);
				MARKETING_VERSION = 1.0;
				PRODUCT_BUNDLE_IDENTIFIER = iOS.Foundation.Parthenope.WordFit;
				PRODUCT_NAME = WordFitApp;
				SWIFT_EMIT_LOC_STRINGS = YES;
				SWIFT_VERSION = 5.0;
				TARGETED_DEVICE_FAMILY = "1,2";
			};
			name = Release;
		};
/* End XCBuildConfiguration section */

/* Begin XCConfigurationList section */
		88436EEF2720579C003DDB78 /* Build configuration list for PBXProject "WordFit" */ = {
			isa = XCConfigurationList;
			buildConfigurations = (
				88436F002720579E003DDB78 /* Debug */,
				88436F012720579E003DDB78 /* Release */,
			);
			defaultConfigurationIsVisible = 0;
			defaultConfigurationName = Release;
		};
		88436F022720579E003DDB78 /* Build configuration list for PBXNativeTarget "WordFit" */ = {
			isa = XCConfigurationList;
			buildConfigurations = (
				88436F032720579E003DDB78 /* Debug */,
				88436F042720579E003DDB78 /* Release */,
			);
			defaultConfigurationIsVisible = 0;
			defaultConfigurationName = Release;
		};
/* End XCConfigurationList section */
	};
	rootObject = 88436EEC2720579C003DDB78 /* Project object */;
}
