// !$*UTF8*$!
{
	archiveVersion = 1;
	classes = {
	};
	objectVersion = 55;
	objects = {

/* Begin PBXBuildFile section */
		0E0AA18A2721999B00225C45 /* HomePageView.swift in Sources */ = {isa = PBXBuildFile; fileRef = 0E0AA1892721999B00225C45 /* HomePageView.swift */; };
		0EEA39D12721ADD8006D59BF /* RakingView.swift in Sources */ = {isa = PBXBuildFile; fileRef = 0EEA39D02721ADD8006D59BF /* RakingView.swift */; };
		88436EF82720579C003DDB78 /* WordFitApp.swift in Sources */ = {isa = PBXBuildFile; fileRef = 88436EF72720579C003DDB78 /* WordFitApp.swift */; };
		88436EFA2720579C003DDB78 /* WelcomePageView.swift in Sources */ = {isa = PBXBuildFile; fileRef = 88436EF92720579C003DDB78 /* WelcomePageView.swift */; };
		88436EFC2720579E003DDB78 /* Assets.xcassets in Resources */ = {isa = PBXBuildFile; fileRef = 88436EFB2720579E003DDB78 /* Assets.xcassets */; };
		88436EFF2720579E003DDB78 /* Preview Assets.xcassets in Resources */ = {isa = PBXBuildFile; fileRef = 88436EFE2720579E003DDB78 /* Preview Assets.xcassets */; };
		885CA29F27206AE6008037AF /* word.txt in Resources */ = {isa = PBXBuildFile; fileRef = 885CA29E27206AE6008037AF /* word.txt */; };
		889722DF2721977100856B41 /* Word.swift in Sources */ = {isa = PBXBuildFile; fileRef = 889722DE2721977100856B41 /* Word.swift */; };
		88AD64C1272074E600AC0602 /* Images in Resources */ = {isa = PBXBuildFile; fileRef = 88AD64C0272074E600AC0602 /* Images */; };
		88AD64C327207B8200AC0602 /* User.swift in Sources */ = {isa = PBXBuildFile; fileRef = 88AD64C227207B8200AC0602 /* User.swift */; };
		88AD64C72720851600AC0602 /* Trophy.swift in Sources */ = {isa = PBXBuildFile; fileRef = 88AD64C62720851600AC0602 /* Trophy.swift */; };
		88ECB77A2721ABFB0013E35D /* WordList.swift in Sources */ = {isa = PBXBuildFile; fileRef = 88ECB7792721ABFB0013E35D /* WordList.swift */; };
		88ECB77C2721AE440013E35D /* test.json in Resources */ = {isa = PBXBuildFile; fileRef = 88ECB77B2721AE440013E35D /* test.json */; };
		88ECB7822721DC730013E35D /* word.json in Resources */ = {isa = PBXBuildFile; fileRef = 88ECB7812721DC730013E35D /* word.json */; };
		88ECB7842721E5110013E35D /* test2.json in Resources */ = {isa = PBXBuildFile; fileRef = 88ECB7832721E5110013E35D /* test2.json */; };
/* End PBXBuildFile section */

/* Begin PBXFileReference section */
		0E0AA1892721999B00225C45 /* HomePageView.swift */ = {isa = PBXFileReference; lastKnownFileType = sourcecode.swift; path = HomePageView.swift; sourceTree = "<group>"; };
		0EEA39D02721ADD8006D59BF /* RakingView.swift */ = {isa = PBXFileReference; lastKnownFileType = sourcecode.swift; path = RakingView.swift; sourceTree = "<group>"; };
		88436EF42720579C003DDB78 /* WordFitApp.app */ = {isa = PBXFileReference; explicitFileType = wrapper.application; includeInIndex = 0; path = WordFitApp.app; sourceTree = BUILT_PRODUCTS_DIR; };
		88436EF72720579C003DDB78 /* WordFitApp.swift */ = {isa = PBXFileReference; lastKnownFileType = sourcecode.swift; path = WordFitApp.swift; sourceTree = "<group>"; };
		88436EF92720579C003DDB78 /* WelcomePageView.swift */ = {isa = PBXFileReference; lastKnownFileType = sourcecode.swift; path = WelcomePageView.swift; sourceTree = "<group>"; };
		88436EFB2720579E003DDB78 /* Assets.xcassets */ = {isa = PBXFileReference; lastKnownFileType = folder.assetcatalog; path = Assets.xcassets; sourceTree = "<group>"; };
		88436EFE2720579E003DDB78 /* Preview Assets.xcassets */ = {isa = PBXFileReference; lastKnownFileType = folder.assetcatalog; path = "Preview Assets.xcassets"; sourceTree = "<group>"; };
		885CA29E27206AE6008037AF /* word.txt */ = {isa = PBXFileReference; lastKnownFileType = text; path = word.txt; sourceTree = "<group>"; };
		889722DE2721977100856B41 /* Word.swift */ = {isa = PBXFileReference; lastKnownFileType = sourcecode.swift; path = Word.swift; sourceTree = "<group>"; };
		88AD64C0272074E600AC0602 /* Images */ = {isa = PBXFileReference; lastKnownFileType = folder; path = Images; sourceTree = "<group>"; };
		88AD64C227207B8200AC0602 /* User.swift */ = {isa = PBXFileReference; lastKnownFileType = sourcecode.swift; path = User.swift; sourceTree = "<group>"; };
		88AD64C62720851600AC0602 /* Trophy.swift */ = {isa = PBXFileReference; lastKnownFileType = sourcecode.swift; path = Trophy.swift; sourceTree = "<group>"; };
		88ECB7792721ABFB0013E35D /* WordList.swift */ = {isa = PBXFileReference; lastKnownFileType = sourcecode.swift; path = WordList.swift; sourceTree = "<group>"; };
		88ECB77B2721AE440013E35D /* test.json */ = {isa = PBXFileReference; lastKnownFileType = text.json; path = test.json; sourceTree = "<group>"; };
		88ECB7812721DC730013E35D /* word.json */ = {isa = PBXFileReference; fileEncoding = 4; lastKnownFileType = text.json; name = word.json; path = ../../../../Desktop/word.json; sourceTree = "<group>"; };
		88ECB7832721E5110013E35D /* test2.json */ = {isa = PBXFileReference; lastKnownFileType = text.json; path = test2.json; sourceTree = "<group>"; };
/* End PBXFileReference section */

/* Begin PBXFrameworksBuildPhase section */
		88436EF12720579C003DDB78 /* Frameworks */ = {
			isa = PBXFrameworksBuildPhase;
			buildActionMask = 2147483647;
			files = (
			);
			runOnlyForDeploymentPostprocessing = 0;
		};
/* End PBXFrameworksBuildPhase section */

/* Begin PBXGroup section */
		88436EEB2720579C003DDB78 = {
			isa = PBXGroup;
			children = (
				88436EF62720579C003DDB78 /* WordFit */,
				88436EF52720579C003DDB78 /* Products */,
			);
			sourceTree = "<group>";
		};
		88436EF52720579C003DDB78 /* Products */ = {
			isa = PBXGroup;
			children = (
				88436EF42720579C003DDB78 /* WordFitApp.app */,
			);
			name = Products;
			sourceTree = "<group>";
		};
		88436EF62720579C003DDB78 /* WordFit */ = {
			isa = PBXGroup;
			children = (
				88ECB7812721DC730013E35D /* word.json */,
				88ECB77B2721AE440013E35D /* test.json */,
				88ECB7792721ABFB0013E35D /* WordList.swift */,
				889722DE2721977100856B41 /* Word.swift */,
				88AD64C62720851600AC0602 /* Trophy.swift */,
				88436EF72720579C003DDB78 /* WordFitApp.swift */,
				0EEA39D02721ADD8006D59BF /* RakingView.swift */,
				88436EF92720579C003DDB78 /* WelcomePageView.swift */,
				0E0AA1892721999B00225C45 /* HomePageView.swift */,
				88AD64C227207B8200AC0602 /* User.swift */,
				88436EFB2720579E003DDB78 /* Assets.xcassets */,
				88436EFD2720579E003DDB78 /* Preview Content */,
				885CA29E27206AE6008037AF /* word.txt */,
				88AD64C0272074E600AC0602 /* Images */,
				88ECB7832721E5110013E35D /* test2.json */,
			);
			path = WordFit;
			sourceTree = "<group>";
		};
		88436EFD2720579E003DDB78 /* Preview Content */ = {
			isa = PBXGroup;
			children = (
				88436EFE2720579E003DDB78 /* Preview Assets.xcassets */,
			);
			path = "Preview Content";
			sourceTree = "<group>";
		};
/* End PBXGroup section */

/* Begin PBXNativeTarget section */
		88436EF32720579C003DDB78 /* WordFit */ = {
			isa = PBXNativeTarget;
			buildConfigurationList = 88436F022720579E003DDB78 /* Build configuration list for PBXNativeTarget "WordFit" */;
			buildPhases = (
				88436EF02720579C003DDB78 /* Sources */,
				88436EF12720579C003DDB78 /* Frameworks */,
				88436EF22720579C003DDB78 /* Resources */,
			);
			buildRules = (
			);
			dependencies = (
			);
			name = WordFit;
			productName = WordFit;
			productReference = 88436EF42720579C003DDB78 /* WordFitApp.app */;
			productType = "com.apple.product-type.application";
		};
/* End PBXNativeTarget section */

/* Begin PBXProject section */
		88436EEC2720579C003DDB78 /* Project object */ = {
			isa = PBXProject;
			attributes = {
				BuildIndependentTargetsInParallel = 1;
				LastSwiftUpdateCheck = 1300;
				LastUpgradeCheck = 1300;
				TargetAttributes = {
					88436EF32720579C003DDB78 = {
						CreatedOnToolsVersion = 13.0;
					};
				};
			};
			buildConfigurationList = 88436EEF2720579C003DDB78 /* Build configuration list for PBXProject "WordFit" */;
			compatibilityVersion = "Xcode 13.0";
			developmentRegion = en;
			hasScannedForEncodings = 0;
			knownRegions = (
				en,
				Base,
			);
			mainGroup = 88436EEB2720579C003DDB78;
			productRefGroup = 88436EF52720579C003DDB78 /* Products */;
			projectDirPath = "";
			projectRoot = "";
			targets = (
				88436EF32720579C003DDB78 /* WordFit */,
			);
		};
/* End PBXProject section */

/* Begin PBXResourcesBuildPhase section */
		88436EF22720579C003DDB78 /* Resources */ = {
			isa = PBXResourcesBuildPhase;
			buildActionMask = 2147483647;
			files = (
				88AD64C1272074E600AC0602 /* Images in Resources */,
				88ECB7822721DC730013E35D /* word.json in Resources */,
				88ECB7842721E5110013E35D /* test2.json in Resources */,
				88436EFF2720579E003DDB78 /* Preview Assets.xcassets in Resources */,
				88ECB77C2721AE440013E35D /* test.json in Resources */,
				885CA29F27206AE6008037AF /* word.txt in Resources */,
				88436EFC2720579E003DDB78 /* Assets.xcassets in Resources */,
			);
			runOnlyForDeploymentPostprocessing = 0;
		};
/* End PBXResourcesBuildPhase section */

/* Begin PBXSourcesBuildPhase section */
		88436EF02720579C003DDB78 /* Sources */ = {
			isa = PBXSourcesBuildPhase;
			buildActionMask = 2147483647;
			files = (
				889722DF2721977100856B41 /* Word.swift in Sources */,
				88ECB77A2721ABFB0013E35D /* WordList.swift in Sources */,
				0EEA39D12721ADD8006D59BF /* RakingView.swift in Sources */,
				88436EFA2720579C003DDB78 /* WelcomePageView.swift in Sources */,
				88AD64C72720851600AC0602 /* Trophy.swift in Sources */,
				88436EF82720579C003DDB78 /* WordFitApp.swift in Sources */,
				88AD64C327207B8200AC0602 /* User.swift in Sources */,
				0E0AA18A2721999B00225C45 /* HomePageView.swift in Sources */,
			);
			runOnlyForDeploymentPostprocessing = 0;
		};
/* End PBXSourcesBuildPhase section */

/* Begin XCBuildConfiguration section */
		88436F002720579E003DDB78 /* Debug */ = {
			isa = XCBuildConfiguration;
			buildSettings = {
				ALWAYS_SEARCH_USER_PATHS = NO;
				CLANG_ANALYZER_NONNULL = YES;
				CLANG_ANALYZER_NUMBER_OBJECT_CONVERSION = YES_AGGRESSIVE;
				CLANG_CXX_LANGUAGE_STANDARD = "gnu++17";
				CLANG_CXX_LIBRARY = "libc++";
				CLANG_ENABLE_MODULES = YES;
				CLANG_ENABLE_OBJC_ARC = YES;
				CLANG_ENABLE_OBJC_WEAK = YES;
				CLANG_WARN_BLOCK_CAPTURE_AUTORELEASING = YES;
				CLANG_WARN_BOOL_CONVERSION = YES;
				CLANG_WARN_COMMA = YES;
				CLANG_WARN_CONSTANT_CONVERSION = YES;
				CLANG_WARN_DEPRECATED_OBJC_IMPLEMENTATIONS = YES;
				CLANG_WARN_DIRECT_OBJC_ISA_USAGE = YES_ERROR;
				CLANG_WARN_DOCUMENTATION_COMMENTS = YES;
				CLANG_WARN_EMPTY_BODY = YES;
				CLANG_WARN_ENUM_CONVERSION = YES;
				CLANG_WARN_INFINITE_RECURSION = YES;
				CLANG_WARN_INT_CONVERSION = YES;
				CLANG_WARN_NON_LITERAL_NULL_CONVERSION = YES;
				CLANG_WARN_OBJC_IMPLICIT_RETAIN_SELF = YES;
				CLANG_WARN_OBJC_LITERAL_CONVERSION = YES;
				CLANG_WARN_OBJC_ROOT_CLASS = YES_ERROR;
				CLANG_WARN_QUOTED_INCLUDE_IN_FRAMEWORK_HEADER = YES;
				CLANG_WARN_RANGE_LOOP_ANALYSIS = YES;
				CLANG_WARN_STRICT_PROTOTYPES = YES;
				CLANG_WARN_SUSPICIOUS_MOVE = YES;
				CLANG_WARN_UNGUARDED_AVAILABILITY = YES_AGGRESSIVE;
				CLANG_WARN_UNREACHABLE_CODE = YES;
				CLANG_WARN__DUPLICATE_METHOD_MATCH = YES;
				COPY_PHASE_STRIP = NO;
				DEBUG_INFORMATION_FORMAT = dwarf;
				ENABLE_STRICT_OBJC_MSGSEND = YES;
				ENABLE_TESTABILITY = YES;
				GCC_C_LANGUAGE_STANDARD = gnu11;
				GCC_DYNAMIC_NO_PIC = NO;
				GCC_NO_COMMON_BLOCKS = YES;
				GCC_OPTIMIZATION_LEVEL = 0;
				GCC_PREPROCESSOR_DEFINITIONS = (
					"DEBUG=1",
					"$(inherited)",
				);
				GCC_WARN_64_TO_32_BIT_CONVERSION = YES;
				GCC_WARN_ABOUT_RETURN_TYPE = YES_ERROR;
				GCC_WARN_UNDECLARED_SELECTOR = YES;
				GCC_WARN_UNINITIALIZED_AUTOS = YES_AGGRESSIVE;
				GCC_WARN_UNUSED_FUNCTION = YES;
				GCC_WARN_UNUSED_VARIABLE = YES;
				IPHONEOS_DEPLOYMENT_TARGET = 15.0;
				MTL_ENABLE_DEBUG_INFO = INCLUDE_SOURCE;
				MTL_FAST_MATH = YES;
				ONLY_ACTIVE_ARCH = YES;
				SDKROOT = iphoneos;
				SWIFT_ACTIVE_COMPILATION_CONDITIONS = DEBUG;
				SWIFT_OPTIMIZATION_LEVEL = "-Onone";
			};
			name = Debug;
		};
		88436F012720579E003DDB78 /* Release */ = {
			isa = XCBuildConfiguration;
			buildSettings = {
				ALWAYS_SEARCH_USER_PATHS = NO;
				CLANG_ANALYZER_NONNULL = YES;
				CLANG_ANALYZER_NUMBER_OBJECT_CONVERSION = YES_AGGRESSIVE;
				CLANG_CXX_LANGUAGE_STANDARD = "gnu++17";
				CLANG_CXX_LIBRARY = "libc++";
				CLANG_ENABLE_MODULES = YES;
				CLANG_ENABLE_OBJC_ARC = YES;
				CLANG_ENABLE_OBJC_WEAK = YES;
				CLANG_WARN_BLOCK_CAPTURE_AUTORELEASING = YES;
				CLANG_WARN_BOOL_CONVERSION = YES;
				CLANG_WARN_COMMA = YES;
				CLANG_WARN_CONSTANT_CONVERSION = YES;
				CLANG_WARN_DEPRECATED_OBJC_IMPLEMENTATIONS = YES;
				CLANG_WARN_DIRECT_OBJC_ISA_USAGE = YES_ERROR;
				CLANG_WARN_DOCUMENTATION_COMMENTS = YES;
				CLANG_WARN_EMPTY_BODY = YES;
				CLANG_WARN_ENUM_CONVERSION = YES;
				CLANG_WARN_INFINITE_RECURSION = YES;
				CLANG_WARN_INT_CONVERSION = YES;
				CLANG_WARN_NON_LITERAL_NULL_CONVERSION = YES;
				CLANG_WARN_OBJC_IMPLICIT_RETAIN_SELF = YES;
				CLANG_WARN_OBJC_LITERAL_CONVERSION = YES;
				CLANG_WARN_OBJC_ROOT_CLASS = YES_ERROR;
				CLANG_WARN_QUOTED_INCLUDE_IN_FRAMEWORK_HEADER = YES;
				CLANG_WARN_RANGE_LOOP_ANALYSIS = YES;
				CLANG_WARN_STRICT_PROTOTYPES = YES;
				CLANG_WARN_SUSPICIOUS_MOVE = YES;
				CLANG_WARN_UNGUARDED_AVAILABILITY = YES_AGGRESSIVE;
				CLANG_WARN_UNREACHABLE_CODE = YES;
				CLANG_WARN__DUPLICATE_METHOD_MATCH = YES;
				COPY_PHASE_STRIP = NO;
				DEBUG_INFORMATION_FORMAT = "dwarf-with-dsym";
				ENABLE_NS_ASSERTIONS = NO;
				ENABLE_STRICT_OBJC_MSGSEND = YES;
				GCC_C_LANGUAGE_STANDARD = gnu11;
				GCC_NO_COMMON_BLOCKS = YES;
				GCC_WARN_64_TO_32_BIT_CONVERSION = YES;
				GCC_WARN_ABOUT_RETURN_TYPE = YES_ERROR;
				GCC_WARN_UNDECLARED_SELECTOR = YES;
				GCC_WARN_UNINITIALIZED_AUTOS = YES_AGGRESSIVE;
				GCC_WARN_UNUSED_FUNCTION = YES;
				GCC_WARN_UNUSED_VARIABLE = YES;
				IPHONEOS_DEPLOYMENT_TARGET = 15.0;
				MTL_ENABLE_DEBUG_INFO = NO;
				MTL_FAST_MATH = YES;
				SDKROOT = iphoneos;
				SWIFT_COMPILATION_MODE = wholemodule;
				SWIFT_OPTIMIZATION_LEVEL = "-O";
				VALIDATE_PRODUCT = YES;
			};
			name = Release;
		};
		88436F032720579E003DDB78 /* Debug */ = {
			isa = XCBuildConfiguration;
			buildSettings = {
				ASSETCATALOG_COMPILER_APPICON_NAME = AppIcon;
				ASSETCATALOG_COMPILER_GLOBAL_ACCENT_COLOR_NAME = AccentColor;
				CODE_SIGN_STYLE = Automatic;
				CURRENT_PROJECT_VERSION = 1;
				DEVELOPMENT_ASSET_PATHS = "\"WordFit/Preview Content\"";
				ENABLE_PREVIEWS = YES;
				GENERATE_INFOPLIST_FILE = YES;
				INFOPLIST_KEY_UIApplicationSceneManifest_Generation = YES;
				INFOPLIST_KEY_UIApplicationSupportsIndirectInputEvents = YES;
				INFOPLIST_KEY_UILaunchScreen_Generation = YES;
				INFOPLIST_KEY_UISupportedInterfaceOrientations_iPad = "UIInterfaceOrientationPortrait UIInterfaceOrientationPortraitUpsideDown UIInterfaceOrientationLandscapeLeft UIInterfaceOrientationLandscapeRight";
				INFOPLIST_KEY_UISupportedInterfaceOrientations_iPhone = "UIInterfaceOrientationPortrait UIInterfaceOrientationLandscapeLeft UIInterfaceOrientationLandscapeRight";
				IPHONEOS_DEPLOYMENT_TARGET = 14.0;
				LD_RUNPATH_SEARCH_PATHS = (
					"$(inherited)",
					"@executable_path/Frameworks",
				);
				MARKETING_VERSION = 1.0;
				PRODUCT_BUNDLE_IDENTIFIER = iOS.Foundation.Parthenope.WordFit;
				PRODUCT_NAME = WordFitApp;
				SWIFT_EMIT_LOC_STRINGS = YES;
				SWIFT_VERSION = 5.0;
				TARGETED_DEVICE_FAMILY = "1,2";
			};
			name = Debug;
		};
		88436F042720579E003DDB78 /* Release */ = {
			isa = XCBuildConfiguration;
			buildSettings = {
				ASSETCATALOG_COMPILER_APPICON_NAME = AppIcon;
				ASSETCATALOG_COMPILER_GLOBAL_ACCENT_COLOR_NAME = AccentColor;
				CODE_SIGN_STYLE = Automatic;
				CURRENT_PROJECT_VERSION = 1;
				DEVELOPMENT_ASSET_PATHS = "\"WordFit/Preview Content\"";
				ENABLE_PREVIEWS = YES;
				GENERATE_INFOPLIST_FILE = YES;
				INFOPLIST_KEY_UIApplicationSceneManifest_Generation = YES;
				INFOPLIST_KEY_UIApplicationSupportsIndirectInputEvents = YES;
				INFOPLIST_KEY_UILaunchScreen_Generation = YES;
				INFOPLIST_KEY_UISupportedInterfaceOrientations_iPad = "UIInterfaceOrientationPortrait UIInterfaceOrientationPortraitUpsideDown UIInterfaceOrientationLandscapeLeft UIInterfaceOrientationLandscapeRight";
				INFOPLIST_KEY_UISupportedInterfaceOrientations_iPhone = "UIInterfaceOrientationPortrait UIInterfaceOrientationLandscapeLeft UIInterfaceOrientationLandscapeRight";
				IPHONEOS_DEPLOYMENT_TARGET = 14.0;
				LD_RUNPATH_SEARCH_PATHS = (
					"$(inherited)",
					"@executable_path/Frameworks",
				);
				MARKETING_VERSION = 1.0;
				PRODUCT_BUNDLE_IDENTIFIER = iOS.Foundation.Parthenope.WordFit;
				PRODUCT_NAME = WordFitApp;
				SWIFT_EMIT_LOC_STRINGS = YES;
				SWIFT_VERSION = 5.0;
				TARGETED_DEVICE_FAMILY = "1,2";
			};
			name = Release;
		};
/* End XCBuildConfiguration section */

/* Begin XCConfigurationList section */
		88436EEF2720579C003DDB78 /* Build configuration list for PBXProject "WordFit" */ = {
			isa = XCConfigurationList;
			buildConfigurations = (
				88436F002720579E003DDB78 /* Debug */,
				88436F012720579E003DDB78 /* Release */,
			);
			defaultConfigurationIsVisible = 0;
			defaultConfigurationName = Release;
		};
		88436F022720579E003DDB78 /* Build configuration list for PBXNativeTarget "WordFit" */ = {
			isa = XCConfigurationList;
			buildConfigurations = (
				88436F032720579E003DDB78 /* Debug */,
				88436F042720579E003DDB78 /* Release */,
			);
			defaultConfigurationIsVisible = 0;
			defaultConfigurationName = Release;
		};
/* End XCConfigurationList section */
	};
	rootObject = 88436EEC2720579C003DDB78 /* Project object */;
}
